// !$*UTF8*$!
{
	archiveVersion = 1;
	classes = {
	};
	objectVersion = 50;
	objects = {

/* Begin PBXBuildFile section */
		003C540424F670F20097C07F /* AppDelegate.swift in Sources */ = {isa = PBXBuildFile; fileRef = 003C540324F670F20097C07F /* AppDelegate.swift */; };
		003C540624F670F20097C07F /* SceneDelegate.swift in Sources */ = {isa = PBXBuildFile; fileRef = 003C540524F670F20097C07F /* SceneDelegate.swift */; };
		003C540924F670F20097C07F /* Tap_Timer.xcdatamodeld in Sources */ = {isa = PBXBuildFile; fileRef = 003C540724F670F20097C07F /* Tap_Timer.xcdatamodeld */; };
		003C540B24F670F20097C07F /* ContentView.swift in Sources */ = {isa = PBXBuildFile; fileRef = 003C540A24F670F20097C07F /* ContentView.swift */; };
		003C540D24F670F70097C07F /* Assets.xcassets in Resources */ = {isa = PBXBuildFile; fileRef = 003C540C24F670F70097C07F /* Assets.xcassets */; };
		003C541024F670F70097C07F /* Preview Assets.xcassets in Resources */ = {isa = PBXBuildFile; fileRef = 003C540F24F670F70097C07F /* Preview Assets.xcassets */; };
		003C541324F670F70097C07F /* LaunchScreen.storyboard in Resources */ = {isa = PBXBuildFile; fileRef = 003C541124F670F70097C07F /* LaunchScreen.storyboard */; };
		003C541E24F670F70097C07F /* Tap_TimerTests.swift in Sources */ = {isa = PBXBuildFile; fileRef = 003C541D24F670F70097C07F /* Tap_TimerTests.swift */; };
		003C542924F670F70097C07F /* Tap_TimerUITests.swift in Sources */ = {isa = PBXBuildFile; fileRef = 003C542824F670F70097C07F /* Tap_TimerUITests.swift */; };
		003C543724F6711F0097C07F /* StopWatchManager.swift in Sources */ = {isa = PBXBuildFile; fileRef = 003C543624F6711F0097C07F /* StopWatchManager.swift */; };
		003C543A24F6719C0097C07F /* Solve+CoreDataClass.swift in Sources */ = {isa = PBXBuildFile; fileRef = 003C543824F6719C0097C07F /* Solve+CoreDataClass.swift */; };
		003C543B24F6719C0097C07F /* Solve+CoreDataProperties.swift in Sources */ = {isa = PBXBuildFile; fileRef = 003C543924F6719C0097C07F /* Solve+CoreDataProperties.swift */; };
		003C544224F744350097C07F /* SolveDetailView.swift in Sources */ = {isa = PBXBuildFile; fileRef = 003C544124F744350097C07F /* SolveDetailView.swift */; };
/* End PBXBuildFile section */

/* Begin PBXContainerItemProxy section */
		003C541A24F670F70097C07F /* PBXContainerItemProxy */ = {
			isa = PBXContainerItemProxy;
			containerPortal = 003C53F824F670F20097C07F /* Project object */;
			proxyType = 1;
			remoteGlobalIDString = 003C53FF24F670F20097C07F;
			remoteInfo = "Tap Timer";
		};
		003C542524F670F70097C07F /* PBXContainerItemProxy */ = {
			isa = PBXContainerItemProxy;
			containerPortal = 003C53F824F670F20097C07F /* Project object */;
			proxyType = 1;
			remoteGlobalIDString = 003C53FF24F670F20097C07F;
			remoteInfo = "Tap Timer";
		};
/* End PBXContainerItemProxy section */

/* Begin PBXFileReference section */
		003C540024F670F20097C07F /* Tap Timer.app */ = {isa = PBXFileReference; explicitFileType = wrapper.application; includeInIndex = 0; path = "Tap Timer.app"; sourceTree = BUILT_PRODUCTS_DIR; };
		003C540324F670F20097C07F /* AppDelegate.swift */ = {isa = PBXFileReference; lastKnownFileType = sourcecode.swift; path = AppDelegate.swift; sourceTree = "<group>"; };
		003C540524F670F20097C07F /* SceneDelegate.swift */ = {isa = PBXFileReference; lastKnownFileType = sourcecode.swift; path = SceneDelegate.swift; sourceTree = "<group>"; };
		003C540824F670F20097C07F /* Tap_Timer.xcdatamodel */ = {isa = PBXFileReference; lastKnownFileType = wrapper.xcdatamodel; path = Tap_Timer.xcdatamodel; sourceTree = "<group>"; };
		003C540A24F670F20097C07F /* ContentView.swift */ = {isa = PBXFileReference; lastKnownFileType = sourcecode.swift; path = ContentView.swift; sourceTree = "<group>"; };
		003C540C24F670F70097C07F /* Assets.xcassets */ = {isa = PBXFileReference; lastKnownFileType = folder.assetcatalog; path = Assets.xcassets; sourceTree = "<group>"; };
		003C540F24F670F70097C07F /* Preview Assets.xcassets */ = {isa = PBXFileReference; lastKnownFileType = folder.assetcatalog; path = "Preview Assets.xcassets"; sourceTree = "<group>"; };
		003C541224F670F70097C07F /* Base */ = {isa = PBXFileReference; lastKnownFileType = file.storyboard; name = Base; path = Base.lproj/LaunchScreen.storyboard; sourceTree = "<group>"; };
		003C541424F670F70097C07F /* Info.plist */ = {isa = PBXFileReference; lastKnownFileType = text.plist.xml; path = Info.plist; sourceTree = "<group>"; };
		003C541924F670F70097C07F /* Tap TimerTests.xctest */ = {isa = PBXFileReference; explicitFileType = wrapper.cfbundle; includeInIndex = 0; path = "Tap TimerTests.xctest"; sourceTree = BUILT_PRODUCTS_DIR; };
		003C541D24F670F70097C07F /* Tap_TimerTests.swift */ = {isa = PBXFileReference; lastKnownFileType = sourcecode.swift; path = Tap_TimerTests.swift; sourceTree = "<group>"; };
		003C541F24F670F70097C07F /* Info.plist */ = {isa = PBXFileReference; lastKnownFileType = text.plist.xml; path = Info.plist; sourceTree = "<group>"; };
		003C542424F670F70097C07F /* Tap TimerUITests.xctest */ = {isa = PBXFileReference; explicitFileType = wrapper.cfbundle; includeInIndex = 0; path = "Tap TimerUITests.xctest"; sourceTree = BUILT_PRODUCTS_DIR; };
		003C542824F670F70097C07F /* Tap_TimerUITests.swift */ = {isa = PBXFileReference; lastKnownFileType = sourcecode.swift; path = Tap_TimerUITests.swift; sourceTree = "<group>"; };
		003C542A24F670F70097C07F /* Info.plist */ = {isa = PBXFileReference; lastKnownFileType = text.plist.xml; path = Info.plist; sourceTree = "<group>"; };
		003C543624F6711F0097C07F /* StopWatchManager.swift */ = {isa = PBXFileReference; lastKnownFileType = sourcecode.swift; path = StopWatchManager.swift; sourceTree = "<group>"; };
		003C543824F6719C0097C07F /* Solve+CoreDataClass.swift */ = {isa = PBXFileReference; lastKnownFileType = sourcecode.swift; path = "Solve+CoreDataClass.swift"; sourceTree = "<group>"; };
		003C543924F6719C0097C07F /* Solve+CoreDataProperties.swift */ = {isa = PBXFileReference; lastKnownFileType = sourcecode.swift; path = "Solve+CoreDataProperties.swift"; sourceTree = "<group>"; };
		003C544124F744350097C07F /* SolveDetailView.swift */ = {isa = PBXFileReference; lastKnownFileType = sourcecode.swift; path = SolveDetailView.swift; sourceTree = "<group>"; };
/* End PBXFileReference section */

/* Begin PBXFrameworksBuildPhase section */
		003C53FD24F670F20097C07F /* Frameworks */ = {
			isa = PBXFrameworksBuildPhase;
			buildActionMask = 2147483647;
			files = (
			);
			runOnlyForDeploymentPostprocessing = 0;
		};
		003C541624F670F70097C07F /* Frameworks */ = {
			isa = PBXFrameworksBuildPhase;
			buildActionMask = 2147483647;
			files = (
			);
			runOnlyForDeploymentPostprocessing = 0;
		};
		003C542124F670F70097C07F /* Frameworks */ = {
			isa = PBXFrameworksBuildPhase;
			buildActionMask = 2147483647;
			files = (
			);
			runOnlyForDeploymentPostprocessing = 0;
		};
/* End PBXFrameworksBuildPhase section */

/* Begin PBXGroup section */
		003C53F724F670F20097C07F = {
			isa = PBXGroup;
			children = (
				003C540224F670F20097C07F /* Tap Timer */,
				003C541C24F670F70097C07F /* Tap TimerTests */,
				003C542724F670F70097C07F /* Tap TimerUITests */,
				003C540124F670F20097C07F /* Products */,
			);
			sourceTree = "<group>";
		};
		003C540124F670F20097C07F /* Products */ = {
			isa = PBXGroup;
			children = (
				003C540024F670F20097C07F /* Tap Timer.app */,
				003C541924F670F70097C07F /* Tap TimerTests.xctest */,
				003C542424F670F70097C07F /* Tap TimerUITests.xctest */,
			);
			name = Products;
			sourceTree = "<group>";
		};
		003C540224F670F20097C07F /* Tap Timer */ = {
			isa = PBXGroup;
			children = (
				003C543C24F6719F0097C07F /* Models */,
				003C540324F670F20097C07F /* AppDelegate.swift */,
				003C540524F670F20097C07F /* SceneDelegate.swift */,
				003C540A24F670F20097C07F /* ContentView.swift */,
				003C543624F6711F0097C07F /* StopWatchManager.swift */,
				003C544124F744350097C07F /* SolveDetailView.swift */,
				003C540C24F670F70097C07F /* Assets.xcassets */,
				003C541124F670F70097C07F /* LaunchScreen.storyboard */,
				003C541424F670F70097C07F /* Info.plist */,
				003C540724F670F20097C07F /* Tap_Timer.xcdatamodeld */,
				003C540E24F670F70097C07F /* Preview Content */,
			);
			path = "Tap Timer";
			sourceTree = "<group>";
		};
		003C540E24F670F70097C07F /* Preview Content */ = {
			isa = PBXGroup;
			children = (
				003C540F24F670F70097C07F /* Preview Assets.xcassets */,
			);
			path = "Preview Content";
			sourceTree = "<group>";
		};
		003C541C24F670F70097C07F /* Tap TimerTests */ = {
			isa = PBXGroup;
			children = (
				003C541D24F670F70097C07F /* Tap_TimerTests.swift */,
				003C541F24F670F70097C07F /* Info.plist */,
			);
			path = "Tap TimerTests";
			sourceTree = "<group>";
		};
		003C542724F670F70097C07F /* Tap TimerUITests */ = {
			isa = PBXGroup;
			children = (
				003C542824F670F70097C07F /* Tap_TimerUITests.swift */,
				003C542A24F670F70097C07F /* Info.plist */,
			);
			path = "Tap TimerUITests";
			sourceTree = "<group>";
		};
		003C543C24F6719F0097C07F /* Models */ = {
			isa = PBXGroup;
			children = (
				003C543824F6719C0097C07F /* Solve+CoreDataClass.swift */,
				003C543924F6719C0097C07F /* Solve+CoreDataProperties.swift */,
			);
			path = Models;
			sourceTree = "<group>";
		};
/* End PBXGroup section */

/* Begin PBXNativeTarget section */
		003C53FF24F670F20097C07F /* Tap Timer */ = {
			isa = PBXNativeTarget;
			buildConfigurationList = 003C542D24F670F70097C07F /* Build configuration list for PBXNativeTarget "Tap Timer" */;
			buildPhases = (
				003C53FC24F670F20097C07F /* Sources */,
				003C53FD24F670F20097C07F /* Frameworks */,
				003C53FE24F670F20097C07F /* Resources */,
			);
			buildRules = (
			);
			dependencies = (
			);
			name = "Tap Timer";
			productName = "Tap Timer";
			productReference = 003C540024F670F20097C07F /* Tap Timer.app */;
			productType = "com.apple.product-type.application";
		};
		003C541824F670F70097C07F /* Tap TimerTests */ = {
			isa = PBXNativeTarget;
			buildConfigurationList = 003C543024F670F70097C07F /* Build configuration list for PBXNativeTarget "Tap TimerTests" */;
			buildPhases = (
				003C541524F670F70097C07F /* Sources */,
				003C541624F670F70097C07F /* Frameworks */,
				003C541724F670F70097C07F /* Resources */,
			);
			buildRules = (
			);
			dependencies = (
				003C541B24F670F70097C07F /* PBXTargetDependency */,
			);
			name = "Tap TimerTests";
			productName = "Tap TimerTests";
			productReference = 003C541924F670F70097C07F /* Tap TimerTests.xctest */;
			productType = "com.apple.product-type.bundle.unit-test";
		};
		003C542324F670F70097C07F /* Tap TimerUITests */ = {
			isa = PBXNativeTarget;
			buildConfigurationList = 003C543324F670F70097C07F /* Build configuration list for PBXNativeTarget "Tap TimerUITests" */;
			buildPhases = (
				003C542024F670F70097C07F /* Sources */,
				003C542124F670F70097C07F /* Frameworks */,
				003C542224F670F70097C07F /* Resources */,
			);
			buildRules = (
			);
			dependencies = (
				003C542624F670F70097C07F /* PBXTargetDependency */,
			);
			name = "Tap TimerUITests";
			productName = "Tap TimerUITests";
			productReference = 003C542424F670F70097C07F /* Tap TimerUITests.xctest */;
			productType = "com.apple.product-type.bundle.ui-testing";
		};
/* End PBXNativeTarget section */

/* Begin PBXProject section */
		003C53F824F670F20097C07F /* Project object */ = {
			isa = PBXProject;
			attributes = {
				LastSwiftUpdateCheck = 1200;
				LastUpgradeCheck = 1200;
				TargetAttributes = {
					003C53FF24F670F20097C07F = {
						CreatedOnToolsVersion = 12.0;
					};
					003C541824F670F70097C07F = {
						CreatedOnToolsVersion = 12.0;
						TestTargetID = 003C53FF24F670F20097C07F;
					};
					003C542324F670F70097C07F = {
						CreatedOnToolsVersion = 12.0;
						TestTargetID = 003C53FF24F670F20097C07F;
					};
				};
			};
			buildConfigurationList = 003C53FB24F670F20097C07F /* Build configuration list for PBXProject "Tap Timer" */;
			compatibilityVersion = "Xcode 9.3";
			developmentRegion = en;
			hasScannedForEncodings = 0;
			knownRegions = (
				en,
				Base,
			);
			mainGroup = 003C53F724F670F20097C07F;
			productRefGroup = 003C540124F670F20097C07F /* Products */;
			projectDirPath = "";
			projectRoot = "";
			targets = (
				003C53FF24F670F20097C07F /* Tap Timer */,
				003C541824F670F70097C07F /* Tap TimerTests */,
				003C542324F670F70097C07F /* Tap TimerUITests */,
			);
		};
/* End PBXProject section */

/* Begin PBXResourcesBuildPhase section */
		003C53FE24F670F20097C07F /* Resources */ = {
			isa = PBXResourcesBuildPhase;
			buildActionMask = 2147483647;
			files = (
				003C541324F670F70097C07F /* LaunchScreen.storyboard in Resources */,
				003C541024F670F70097C07F /* Preview Assets.xcassets in Resources */,
				003C540D24F670F70097C07F /* Assets.xcassets in Resources */,
			);
			runOnlyForDeploymentPostprocessing = 0;
		};
		003C541724F670F70097C07F /* Resources */ = {
			isa = PBXResourcesBuildPhase;
			buildActionMask = 2147483647;
			files = (
			);
			runOnlyForDeploymentPostprocessing = 0;
		};
		003C542224F670F70097C07F /* Resources */ = {
			isa = PBXResourcesBuildPhase;
			buildActionMask = 2147483647;
			files = (
			);
			runOnlyForDeploymentPostprocessing = 0;
		};
/* End PBXResourcesBuildPhase section */

/* Begin PBXSourcesBuildPhase section */
		003C53FC24F670F20097C07F /* Sources */ = {
			isa = PBXSourcesBuildPhase;
			buildActionMask = 2147483647;
			files = (
				003C540424F670F20097C07F /* AppDelegate.swift in Sources */,
				003C543724F6711F0097C07F /* StopWatchManager.swift in Sources */,
				003C540624F670F20097C07F /* SceneDelegate.swift in Sources */,
				003C543A24F6719C0097C07F /* Solve+CoreDataClass.swift in Sources */,
				003C543B24F6719C0097C07F /* Solve+CoreDataProperties.swift in Sources */,
				003C540B24F670F20097C07F /* ContentView.swift in Sources */,
				003C540924F670F20097C07F /* Tap_Timer.xcdatamodeld in Sources */,
				003C544224F744350097C07F /* SolveDetailView.swift in Sources */,
			);
			runOnlyForDeploymentPostprocessing = 0;
		};
		003C541524F670F70097C07F /* Sources */ = {
			isa = PBXSourcesBuildPhase;
			buildActionMask = 2147483647;
			files = (
				003C541E24F670F70097C07F /* Tap_TimerTests.swift in Sources */,
			);
			runOnlyForDeploymentPostprocessing = 0;
		};
		003C542024F670F70097C07F /* Sources */ = {
			isa = PBXSourcesBuildPhase;
			buildActionMask = 2147483647;
			files = (
				003C542924F670F70097C07F /* Tap_TimerUITests.swift in Sources */,
			);
			runOnlyForDeploymentPostprocessing = 0;
		};
/* End PBXSourcesBuildPhase section */

/* Begin PBXTargetDependency section */
		003C541B24F670F70097C07F /* PBXTargetDependency */ = {
			isa = PBXTargetDependency;
			target = 003C53FF24F670F20097C07F /* Tap Timer */;
			targetProxy = 003C541A24F670F70097C07F /* PBXContainerItemProxy */;
		};
		003C542624F670F70097C07F /* PBXTargetDependency */ = {
			isa = PBXTargetDependency;
			target = 003C53FF24F670F20097C07F /* Tap Timer */;
			targetProxy = 003C542524F670F70097C07F /* PBXContainerItemProxy */;
		};
/* End PBXTargetDependency section */

/* Begin PBXVariantGroup section */
		003C541124F670F70097C07F /* LaunchScreen.storyboard */ = {
			isa = PBXVariantGroup;
			children = (
				003C541224F670F70097C07F /* Base */,
			);
			name = LaunchScreen.storyboard;
			sourceTree = "<group>";
		};
/* End PBXVariantGroup section */

/* Begin XCBuildConfiguration section */
		003C542B24F670F70097C07F /* Debug */ = {
			isa = XCBuildConfiguration;
			buildSettings = {
				ALWAYS_SEARCH_USER_PATHS = NO;
				CLANG_ANALYZER_NONNULL = YES;
				CLANG_ANALYZER_NUMBER_OBJECT_CONVERSION = YES_AGGRESSIVE;
				CLANG_CXX_LANGUAGE_STANDARD = "gnu++14";
				CLANG_CXX_LIBRARY = "libc++";
				CLANG_ENABLE_MODULES = YES;
				CLANG_ENABLE_OBJC_ARC = YES;
				CLANG_ENABLE_OBJC_WEAK = YES;
				CLANG_WARN_BLOCK_CAPTURE_AUTORELEASING = YES;
				CLANG_WARN_BOOL_CONVERSION = YES;
				CLANG_WARN_COMMA = YES;
				CLANG_WARN_CONSTANT_CONVERSION = YES;
				CLANG_WARN_DEPRECATED_OBJC_IMPLEMENTATIONS = YES;
				CLANG_WARN_DIRECT_OBJC_ISA_USAGE = YES_ERROR;
				CLANG_WARN_DOCUMENTATION_COMMENTS = YES;
				CLANG_WARN_EMPTY_BODY = YES;
				CLANG_WARN_ENUM_CONVERSION = YES;
				CLANG_WARN_INFINITE_RECURSION = YES;
				CLANG_WARN_INT_CONVERSION = YES;
				CLANG_WARN_NON_LITERAL_NULL_CONVERSION = YES;
				CLANG_WARN_OBJC_IMPLICIT_RETAIN_SELF = YES;
				CLANG_WARN_OBJC_LITERAL_CONVERSION = YES;
				CLANG_WARN_OBJC_ROOT_CLASS = YES_ERROR;
				CLANG_WARN_QUOTED_INCLUDE_IN_FRAMEWORK_HEADER = YES;
				CLANG_WARN_RANGE_LOOP_ANALYSIS = YES;
				CLANG_WARN_STRICT_PROTOTYPES = YES;
				CLANG_WARN_SUSPICIOUS_MOVE = YES;
				CLANG_WARN_UNGUARDED_AVAILABILITY = YES_AGGRESSIVE;
				CLANG_WARN_UNREACHABLE_CODE = YES;
				CLANG_WARN__DUPLICATE_METHOD_MATCH = YES;
				COPY_PHASE_STRIP = NO;
				DEBUG_INFORMATION_FORMAT = dwarf;
				ENABLE_STRICT_OBJC_MSGSEND = YES;
				ENABLE_TESTABILITY = YES;
				GCC_C_LANGUAGE_STANDARD = gnu11;
				GCC_DYNAMIC_NO_PIC = NO;
				GCC_NO_COMMON_BLOCKS = YES;
				GCC_OPTIMIZATION_LEVEL = 0;
				GCC_PREPROCESSOR_DEFINITIONS = (
					"DEBUG=1",
					"$(inherited)",
				);
				GCC_WARN_64_TO_32_BIT_CONVERSION = YES;
				GCC_WARN_ABOUT_RETURN_TYPE = YES_ERROR;
				GCC_WARN_UNDECLARED_SELECTOR = YES;
				GCC_WARN_UNINITIALIZED_AUTOS = YES_AGGRESSIVE;
				GCC_WARN_UNUSED_FUNCTION = YES;
				GCC_WARN_UNUSED_VARIABLE = YES;
				IPHONEOS_DEPLOYMENT_TARGET = 14.0;
				MTL_ENABLE_DEBUG_INFO = INCLUDE_SOURCE;
				MTL_FAST_MATH = YES;
				ONLY_ACTIVE_ARCH = YES;
				SDKROOT = iphoneos;
				SWIFT_ACTIVE_COMPILATION_CONDITIONS = DEBUG;
				SWIFT_OPTIMIZATION_LEVEL = "-Onone";
			};
			name = Debug;
		};
		003C542C24F670F70097C07F /* Release */ = {
			isa = XCBuildConfiguration;
			buildSettings = {
				ALWAYS_SEARCH_USER_PATHS = NO;
				CLANG_ANALYZER_NONNULL = YES;
				CLANG_ANALYZER_NUMBER_OBJECT_CONVERSION = YES_AGGRESSIVE;
				CLANG_CXX_LANGUAGE_STANDARD = "gnu++14";
				CLANG_CXX_LIBRARY = "libc++";
				CLANG_ENABLE_MODULES = YES;
				CLANG_ENABLE_OBJC_ARC = YES;
				CLANG_ENABLE_OBJC_WEAK = YES;
				CLANG_WARN_BLOCK_CAPTURE_AUTORELEASING = YES;
				CLANG_WARN_BOOL_CONVERSION = YES;
				CLANG_WARN_COMMA = YES;
				CLANG_WARN_CONSTANT_CONVERSION = YES;
				CLANG_WARN_DEPRECATED_OBJC_IMPLEMENTATIONS = YES;
				CLANG_WARN_DIRECT_OBJC_ISA_USAGE = YES_ERROR;
				CLANG_WARN_DOCUMENTATION_COMMENTS = YES;
				CLANG_WARN_EMPTY_BODY = YES;
				CLANG_WARN_ENUM_CONVERSION = YES;
				CLANG_WARN_INFINITE_RECURSION = YES;
				CLANG_WARN_INT_CONVERSION = YES;
				CLANG_WARN_NON_LITERAL_NULL_CONVERSION = YES;
				CLANG_WARN_OBJC_IMPLICIT_RETAIN_SELF = YES;
				CLANG_WARN_OBJC_LITERAL_CONVERSION = YES;
				CLANG_WARN_OBJC_ROOT_CLASS = YES_ERROR;
				CLANG_WARN_QUOTED_INCLUDE_IN_FRAMEWORK_HEADER = YES;
				CLANG_WARN_RANGE_LOOP_ANALYSIS = YES;
				CLANG_WARN_STRICT_PROTOTYPES = YES;
				CLANG_WARN_SUSPICIOUS_MOVE = YES;
				CLANG_WARN_UNGUARDED_AVAILABILITY = YES_AGGRESSIVE;
				CLANG_WARN_UNREACHABLE_CODE = YES;
				CLANG_WARN__DUPLICATE_METHOD_MATCH = YES;
				COPY_PHASE_STRIP = NO;
				DEBUG_INFORMATION_FORMAT = "dwarf-with-dsym";
				ENABLE_NS_ASSERTIONS = NO;
				ENABLE_STRICT_OBJC_MSGSEND = YES;
				GCC_C_LANGUAGE_STANDARD = gnu11;
				GCC_NO_COMMON_BLOCKS = YES;
				GCC_WARN_64_TO_32_BIT_CONVERSION = YES;
				GCC_WARN_ABOUT_RETURN_TYPE = YES_ERROR;
				GCC_WARN_UNDECLARED_SELECTOR = YES;
				GCC_WARN_UNINITIALIZED_AUTOS = YES_AGGRESSIVE;
				GCC_WARN_UNUSED_FUNCTION = YES;
				GCC_WARN_UNUSED_VARIABLE = YES;
				IPHONEOS_DEPLOYMENT_TARGET = 14.0;
				MTL_ENABLE_DEBUG_INFO = NO;
				MTL_FAST_MATH = YES;
				SDKROOT = iphoneos;
				SWIFT_COMPILATION_MODE = wholemodule;
				SWIFT_OPTIMIZATION_LEVEL = "-O";
				VALIDATE_PRODUCT = YES;
			};
			name = Release;
		};
		003C542E24F670F70097C07F /* Debug */ = {
			isa = XCBuildConfiguration;
			buildSettings = {
				ASSETCATALOG_COMPILER_APPICON_NAME = AppIcon;
				ASSETCATALOG_COMPILER_GLOBAL_ACCENT_COLOR_NAME = AccentColor;
				CODE_SIGN_STYLE = Automatic;
				DEVELOPMENT_ASSET_PATHS = "\"Tap Timer/Preview Content\"";
				DEVELOPMENT_TEAM = 39P59F2TF8;
				ENABLE_PREVIEWS = YES;
				INFOPLIST_FILE = "Tap Timer/Info.plist";
				IPHONEOS_DEPLOYMENT_TARGET = 13.5;
				LD_RUNPATH_SEARCH_PATHS = (
					"$(inherited)",
					"@executable_path/Frameworks",
				);
				PRODUCT_BUNDLE_IDENTIFIER = "bryan.Tap-Timer";
				PRODUCT_NAME = "$(TARGET_NAME)";
				SWIFT_VERSION = 5.0;
				TARGETED_DEVICE_FAMILY = "1,2";
			};
			name = Debug;
		};
		003C542F24F670F70097C07F /* Release */ = {
			isa = XCBuildConfiguration;
			buildSettings = {
				ASSETCATALOG_COMPILER_APPICON_NAME = AppIcon;
				ASSETCATALOG_COMPILER_GLOBAL_ACCENT_COLOR_NAME = AccentColor;
				CODE_SIGN_STYLE = Automatic;
				DEVELOPMENT_ASSET_PATHS = "\"Tap Timer/Preview Content\"";
				DEVELOPMENT_TEAM = 39P59F2TF8;
				ENABLE_PREVIEWS = YES;
				INFOPLIST_FILE = "Tap Timer/Info.plist";
				IPHONEOS_DEPLOYMENT_TARGET = 13.5;
				LD_RUNPATH_SEARCH_PATHS = (
					"$(inherited)",
					"@executable_path/Frameworks",
				);
				PRODUCT_BUNDLE_IDENTIFIER = "bryan.Tap-Timer";
				PRODUCT_NAME = "$(TARGET_NAME)";
				SWIFT_VERSION = 5.0;
				TARGETED_DEVICE_FAMILY = "1,2";
			};
			name = Release;
		};
		003C543124F670F70097C07F /* Debug */ = {
			isa = XCBuildConfiguration;
			buildSettings = {
				ALWAYS_EMBED_SWIFT_STANDARD_LIBRARIES = YES;
				BUNDLE_LOADER = "$(TEST_HOST)";
				CODE_SIGN_STYLE = Automatic;
				DEVELOPMENT_TEAM = 39P59F2TF8;
				INFOPLIST_FILE = "Tap TimerTests/Info.plist";
				IPHONEOS_DEPLOYMENT_TARGET = 14.0;
				LD_RUNPATH_SEARCH_PATHS = (
					"$(inherited)",
					"@executable_path/Frameworks",
					"@loader_path/Frameworks",
				);
				PRODUCT_BUNDLE_IDENTIFIER = "bryan.Tap-TimerTests";
				PRODUCT_NAME = "$(TARGET_NAME)";
				SWIFT_VERSION = 5.0;
				TARGETED_DEVICE_FAMILY = "1,2";
				TEST_HOST = "$(BUILT_PRODUCTS_DIR)/Tap Timer.app/Tap Timer";
			};
			name = Debug;
		};
		003C543224F670F70097C07F /* Release */ = {
			isa = XCBuildConfiguration;
			buildSettings = {
				ALWAYS_EMBED_SWIFT_STANDARD_LIBRARIES = YES;
				BUNDLE_LOADER = "$(TEST_HOST)";
				CODE_SIGN_STYLE = Automatic;
				DEVELOPMENT_TEAM = 39P59F2TF8;
				INFOPLIST_FILE = "Tap TimerTests/Info.plist";
				IPHONEOS_DEPLOYMENT_TARGET = 14.0;
				LD_RUNPATH_SEARCH_PATHS = (
					"$(inherited)",
					"@executable_path/Frameworks",
					"@loader_path/Frameworks",
				);
				PRODUCT_BUNDLE_IDENTIFIER = "bryan.Tap-TimerTests";
				PRODUCT_NAME = "$(TARGET_NAME)";
				SWIFT_VERSION = 5.0;
				TARGETED_DEVICE_FAMILY = "1,2";
				TEST_HOST = "$(BUILT_PRODUCTS_DIR)/Tap Timer.app/Tap Timer";
			};
			name = Release;
		};
		003C543424F670F70097C07F /* Debug */ = {
			isa = XCBuildConfiguration;
			buildSettings = {
				ALWAYS_EMBED_SWIFT_STANDARD_LIBRARIES = YES;
				CODE_SIGN_STYLE = Automatic;
				DEVELOPMENT_TEAM = 39P59F2TF8;
				INFOPLIST_FILE = "Tap TimerUITests/Info.plist";
				LD_RUNPATH_SEARCH_PATHS = (
					"$(inherited)",
					"@executable_path/Frameworks",
					"@loader_path/Frameworks",
				);
				PRODUCT_BUNDLE_IDENTIFIER = "bryan.Tap-TimerUITests";
				PRODUCT_NAME = "$(TARGET_NAME)";
				SWIFT_VERSION = 5.0;
				TARGETED_DEVICE_FAMILY = "1,2";
				TEST_TARGET_NAME = "Tap Timer";
			};
			name = Debug;
		};
		003C543524F670F70097C07F /* Release */ = {
			isa = XCBuildConfiguration;
			buildSettings = {
				ALWAYS_EMBED_SWIFT_STANDARD_LIBRARIES = YES;
				CODE_SIGN_STYLE = Automatic;
				DEVELOPMENT_TEAM = 39P59F2TF8;
				INFOPLIST_FILE = "Tap TimerUITests/Info.plist";
				LD_RUNPATH_SEARCH_PATHS = (
					"$(inherited)",
					"@executable_path/Frameworks",
					"@loader_path/Frameworks",
				);
				PRODUCT_BUNDLE_IDENTIFIER = "bryan.Tap-TimerUITests";
				PRODUCT_NAME = "$(TARGET_NAME)";
				SWIFT_VERSION = 5.0;
				TARGETED_DEVICE_FAMILY = "1,2";
				TEST_TARGET_NAME = "Tap Timer";
			};
			name = Release;
		};
/* End XCBuildConfiguration section */

/* Begin XCConfigurationList section */
		003C53FB24F670F20097C07F /* Build configuration list for PBXProject "Tap Timer" */ = {
			isa = XCConfigurationList;
			buildConfigurations = (
				003C542B24F670F70097C07F /* Debug */,
				003C542C24F670F70097C07F /* Release */,
			);
			defaultConfigurationIsVisible = 0;
			defaultConfigurationName = Release;
		};
		003C542D24F670F70097C07F /* Build configuration list for PBXNativeTarget "Tap Timer" */ = {
			isa = XCConfigurationList;
			buildConfigurations = (
				003C542E24F670F70097C07F /* Debug */,
				003C542F24F670F70097C07F /* Release */,
			);
			defaultConfigurationIsVisible = 0;
			defaultConfigurationName = Release;
		};
		003C543024F670F70097C07F /* Build configuration list for PBXNativeTarget "Tap TimerTests" */ = {
			isa = XCConfigurationList;
			buildConfigurations = (
				003C543124F670F70097C07F /* Debug */,
				003C543224F670F70097C07F /* Release */,
			);
			defaultConfigurationIsVisible = 0;
			defaultConfigurationName = Release;
		};
		003C543324F670F70097C07F /* Build configuration list for PBXNativeTarget "Tap TimerUITests" */ = {
			isa = XCConfigurationList;
			buildConfigurations = (
				003C543424F670F70097C07F /* Debug */,
				003C543524F670F70097C07F /* Release */,
			);
			defaultConfigurationIsVisible = 0;
			defaultConfigurationName = Release;
		};
/* End XCConfigurationList section */

/* Begin XCVersionGroup section */
		003C540724F670F20097C07F /* Tap_Timer.xcdatamodeld */ = {
			isa = XCVersionGroup;
			children = (
				003C540824F670F20097C07F /* Tap_Timer.xcdatamodel */,
			);
			currentVersion = 003C540824F670F20097C07F /* Tap_Timer.xcdatamodel */;
			path = Tap_Timer.xcdatamodeld;
			sourceTree = "<group>";
			versionGroupType = wrapper.xcdatamodel;
		};
/* End XCVersionGroup section */
	};
	rootObject = 003C53F824F670F20097C07F /* Project object */;
}
